
Microsoft Visual Studio Solution File, Format Version 12.00
# Visual Studio Version 17
VisualStudioVersion = 17.2.32526.322
MinimumVisualStudioVersion = 10.0.40219.1
Project("{9A19103F-16F7-4668-BE54-9A1E7A4F7556}") = "DemoDecorator", "MyHomeWork1\DemoDecorator.csproj", "{B96CC88D-AF44-41E8-9404-F8124731EBAE}"
EndProject
Project("{FAE04EC0-301F-11D3-BF4B-00C04F79EFBC}") = "RSPViolationDemo", "RSPViolationDemo\RSPViolationDemo.csproj", "{892719C2-545C-4132-8CFC-E4926716DBC8}"
EndProject
Project("{FAE04EC0-301F-11D3-BF4B-00C04F79EFBC}") = "RSPComplianceDemo", "RSPCompliance\RSPComplianceDemo.csproj", "{96DE5FEC-E9F2-4764-9C9E-64A6F55B7AB3}"
EndProject
Global
	GlobalSection(SolutionConfigurationPlatforms) = preSolution
		Debug|Any CPU = Debug|Any CPU
		Release|Any CPU = Release|Any CPU
	EndGlobalSection
	GlobalSection(ProjectConfigurationPlatforms) = postSolution
		{B96CC88D-AF44-41E8-9404-F8124731EBAE}.Debug|Any CPU.ActiveCfg = Debug|Any CPU
		{B96CC88D-AF44-41E8-9404-F8124731EBAE}.Debug|Any CPU.Build.0 = Debug|Any CPU
		{B96CC88D-AF44-41E8-9404-F8124731EBAE}.Release|Any CPU.ActiveCfg = Release|Any CPU
		{B96CC88D-AF44-41E8-9404-F8124731EBAE}.Release|Any CPU.Build.0 = Release|Any CPU
		{892719C2-545C-4132-8CFC-E4926716DBC8}.Debug|Any CPU.ActiveCfg = Debug|Any CPU
		{892719C2-545C-4132-8CFC-E4926716DBC8}.Debug|Any CPU.Build.0 = Debug|Any CPU
		{892719C2-545C-4132-8CFC-E4926716DBC8}.Release|Any CPU.ActiveCfg = Release|Any CPU
		{892719C2-545C-4132-8CFC-E4926716DBC8}.Release|Any CPU.Build.0 = Release|Any CPU
		{96DE5FEC-E9F2-4764-9C9E-64A6F55B7AB3}.Debug|Any CPU.ActiveCfg = Debug|Any CPU
		{96DE5FEC-E9F2-4764-9C9E-64A6F55B7AB3}.Debug|Any CPU.Build.0 = Debug|Any CPU
		{96DE5FEC-E9F2-4764-9C9E-64A6F55B7AB3}.Release|Any CPU.ActiveCfg = Release|Any CPU
		{96DE5FEC-E9F2-4764-9C9E-64A6F55B7AB3}.Release|Any CPU.Build.0 = Release|Any CPU
	EndGlobalSection
	GlobalSection(SolutionProperties) = preSolution
		HideSolutionNode = FALSE
	EndGlobalSection
	GlobalSection(ExtensibilityGlobals) = postSolution
		SolutionGuid = {B428EC9E-4303-42C6-90C3-718DB31379D6}
	EndGlobalSection
EndGlobal
